
Microsoft Visual Studio Solution File, Format Version 12.00
# Visual Studio Version 16
VisualStudioVersion = 16.0.30907.101
MinimumVisualStudioVersion = 10.0.40219.1
Project("{9A19103F-16F7-4668-BE54-9A1E7A4F7556}") = "P1_SumOf3", "P1_SumOf3\P1_SumOf3.csproj", "{AC1BBBC3-460F-4E31-A4ED-10273D9CFC59}"
EndProject
Project("{9A19103F-16F7-4668-BE54-9A1E7A4F7556}") = "P2_CoinToss", "P2_CoinToss\P2_CoinToss.csproj", "{5F0B7CC7-B48E-42D3-9593-4F3DA6415B19}"
EndProject
Project("{9A19103F-16F7-4668-BE54-9A1E7A4F7556}") = "P3_String_Manipulation", "P3_String_Manipulation\P3_String_Manipulation.csproj", "{0E2F6D28-0B12-408C-A699-85873E552F5D}"
EndProject
Project("{9A19103F-16F7-4668-BE54-9A1E7A4F7556}") = "Collections_MinMaxAvgMode", "Collections_MinMaxAvgMode\Collections_MinMaxAvgMode.csproj", "{92B737C5-D48F-4770-A8A8-1C6C75F72DFC}"
EndProject
Project("{9A19103F-16F7-4668-BE54-9A1E7A4F7556}") = "Collections_AllTypesOfCollections", "Collections_AllTypesOfCollections\Collections_AllTypesOfCollections.csproj", "{748B3AB9-8E97-49A0-8E93-7438564B3729}"
EndProject
Project("{9A19103F-16F7-4668-BE54-9A1E7A4F7556}") = "Processing_A_CSV_File", "Processing_A_CSV_File\Processing_A_CSV_File.csproj", "{5E919246-9689-472A-ACFC-C8C0DC8874E5}"
EndProject
Project("{9A19103F-16F7-4668-BE54-9A1E7A4F7556}") = "Functions_Calculator", "Functions_Calculator\Functions_Calculator.csproj", "{7D866285-AC70-45FF-B40E-C9E3BA5D5967}"
EndProject
Project("{9A19103F-16F7-4668-BE54-9A1E7A4F7556}") = "Functions_Speak", "Functions_Speak\Functions_Speak.csproj", "{FA6301EC-94B2-4BDA-96FB-8834AA5A9435}"
EndProject
Project("{FAE04EC0-301F-11D3-BF4B-00C04F79EFBC}") = "Classes_Toy", "Classes_Toy\Classes_Toy.csproj", "{5D981C3D-B0D3-4209-B53B-1FD80A252104}"
EndProject
Project("{FAE04EC0-301F-11D3-BF4B-00C04F79EFBC}") = "Classes_ToyBox", "..\Classes_ToyBox\Classes_ToyBox.csproj", "{31DEC971-C3D0-465C-AD2D-AEF690CCF0E0}"
EndProject
Global
	GlobalSection(SolutionConfigurationPlatforms) = preSolution
		Debug|Any CPU = Debug|Any CPU
		Release|Any CPU = Release|Any CPU
	EndGlobalSection
	GlobalSection(ProjectConfigurationPlatforms) = postSolution
		{AC1BBBC3-460F-4E31-A4ED-10273D9CFC59}.Debug|Any CPU.ActiveCfg = Debug|Any CPU
		{AC1BBBC3-460F-4E31-A4ED-10273D9CFC59}.Debug|Any CPU.Build.0 = Debug|Any CPU
		{AC1BBBC3-460F-4E31-A4ED-10273D9CFC59}.Release|Any CPU.ActiveCfg = Release|Any CPU
		{AC1BBBC3-460F-4E31-A4ED-10273D9CFC59}.Release|Any CPU.Build.0 = Release|Any CPU
		{5F0B7CC7-B48E-42D3-9593-4F3DA6415B19}.Debug|Any CPU.ActiveCfg = Debug|Any CPU
		{5F0B7CC7-B48E-42D3-9593-4F3DA6415B19}.Debug|Any CPU.Build.0 = Debug|Any CPU
		{5F0B7CC7-B48E-42D3-9593-4F3DA6415B19}.Release|Any CPU.ActiveCfg = Release|Any CPU
		{5F0B7CC7-B48E-42D3-9593-4F3DA6415B19}.Release|Any CPU.Build.0 = Release|Any CPU
		{0E2F6D28-0B12-408C-A699-85873E552F5D}.Debug|Any CPU.ActiveCfg = Debug|Any CPU
		{0E2F6D28-0B12-408C-A699-85873E552F5D}.Debug|Any CPU.Build.0 = Debug|Any CPU
		{0E2F6D28-0B12-408C-A699-85873E552F5D}.Release|Any CPU.ActiveCfg = Release|Any CPU
		{0E2F6D28-0B12-408C-A699-85873E552F5D}.Release|Any CPU.Build.0 = Release|Any CPU
		{92B737C5-D48F-4770-A8A8-1C6C75F72DFC}.Debug|Any CPU.ActiveCfg = Debug|Any CPU
		{92B737C5-D48F-4770-A8A8-1C6C75F72DFC}.Debug|Any CPU.Build.0 = Debug|Any CPU
		{92B737C5-D48F-4770-A8A8-1C6C75F72DFC}.Release|Any CPU.ActiveCfg = Release|Any CPU
		{92B737C5-D48F-4770-A8A8-1C6C75F72DFC}.Release|Any CPU.Build.0 = Release|Any CPU
		{748B3AB9-8E97-49A0-8E93-7438564B3729}.Debug|Any CPU.ActiveCfg = Debug|Any CPU
		{748B3AB9-8E97-49A0-8E93-7438564B3729}.Debug|Any CPU.Build.0 = Debug|Any CPU
		{748B3AB9-8E97-49A0-8E93-7438564B3729}.Release|Any CPU.ActiveCfg = Release|Any CPU
		{748B3AB9-8E97-49A0-8E93-7438564B3729}.Release|Any CPU.Build.0 = Release|Any CPU
		{5E919246-9689-472A-ACFC-C8C0DC8874E5}.Debug|Any CPU.ActiveCfg = Debug|Any CPU
		{5E919246-9689-472A-ACFC-C8C0DC8874E5}.Debug|Any CPU.Build.0 = Debug|Any CPU
		{5E919246-9689-472A-ACFC-C8C0DC8874E5}.Release|Any CPU.ActiveCfg = Release|Any CPU
		{5E919246-9689-472A-ACFC-C8C0DC8874E5}.Release|Any CPU.Build.0 = Release|Any CPU
		{7D866285-AC70-45FF-B40E-C9E3BA5D5967}.Debug|Any CPU.ActiveCfg = Debug|Any CPU
		{7D866285-AC70-45FF-B40E-C9E3BA5D5967}.Debug|Any CPU.Build.0 = Debug|Any CPU
		{7D866285-AC70-45FF-B40E-C9E3BA5D5967}.Release|Any CPU.ActiveCfg = Release|Any CPU
		{7D866285-AC70-45FF-B40E-C9E3BA5D5967}.Release|Any CPU.Build.0 = Release|Any CPU
		{FA6301EC-94B2-4BDA-96FB-8834AA5A9435}.Debug|Any CPU.ActiveCfg = Debug|Any CPU
		{FA6301EC-94B2-4BDA-96FB-8834AA5A9435}.Debug|Any CPU.Build.0 = Debug|Any CPU
		{FA6301EC-94B2-4BDA-96FB-8834AA5A9435}.Release|Any CPU.ActiveCfg = Release|Any CPU
		{FA6301EC-94B2-4BDA-96FB-8834AA5A9435}.Release|Any CPU.Build.0 = Release|Any CPU
		{5D981C3D-B0D3-4209-B53B-1FD80A252104}.Debug|Any CPU.ActiveCfg = Debug|Any CPU
		{5D981C3D-B0D3-4209-B53B-1FD80A252104}.Debug|Any CPU.Build.0 = Debug|Any CPU
		{5D981C3D-B0D3-4209-B53B-1FD80A252104}.Release|Any CPU.ActiveCfg = Release|Any CPU
		{5D981C3D-B0D3-4209-B53B-1FD80A252104}.Release|Any CPU.Build.0 = Release|Any CPU
		{31DEC971-C3D0-465C-AD2D-AEF690CCF0E0}.Debug|Any CPU.ActiveCfg = Debug|Any CPU
		{31DEC971-C3D0-465C-AD2D-AEF690CCF0E0}.Debug|Any CPU.Build.0 = Debug|Any CPU
		{31DEC971-C3D0-465C-AD2D-AEF690CCF0E0}.Release|Any CPU.ActiveCfg = Release|Any CPU
		{31DEC971-C3D0-465C-AD2D-AEF690CCF0E0}.Release|Any CPU.Build.0 = Release|Any CPU
	EndGlobalSection
	GlobalSection(SolutionProperties) = preSolution
		HideSolutionNode = FALSE
	EndGlobalSection
	GlobalSection(ExtensibilityGlobals) = postSolution
		SolutionGuid = {18CAF80B-C254-46EF-8C12-82D206078FDF}
	EndGlobalSection
EndGlobal
