
Microsoft Visual Studio Solution File, Format Version 12.00
# Visual Studio Version 16
VisualStudioVersion = 16.0.30907.101
MinimumVisualStudioVersion = 10.0.40219.1
Project("{9A19103F-16F7-4668-BE54-9A1E7A4F7556}") = "P1_SumOf3", "P1_SumOf3\P1_SumOf3.csproj", "{AC1BBBC3-460F-4E31-A4ED-10273D9CFC59}"
EndProject
Project("{9A19103F-16F7-4668-BE54-9A1E7A4F7556}") = "P2_CoinToss", "P2_CoinToss\P2_CoinToss.csproj", "{5F0B7CC7-B48E-42D3-9593-4F3DA6415B19}"
EndProject
Project("{9A19103F-16F7-4668-BE54-9A1E7A4F7556}") = "P3_String_Manipulation", "P3_String_Manipulation\P3_String_Manipulation.csproj", "{0E2F6D28-0B12-408C-A699-85873E552F5D}"
EndProject
Project("{9A19103F-16F7-4668-BE54-9A1E7A4F7556}") = "Collections_MinMaxAvgMode", "Collections_MinMaxAvgMode\Collections_MinMaxAvgMode.csproj", "{92B737C5-D48F-4770-A8A8-1C6C75F72DFC}"
EndProject
Project("{FAE04EC0-301F-11D3-BF4B-00C04F79EFBC}") = "Collections_AllTypesOfCollections", "Collections_AllTypesOfCollections\Collections_AllTypesOfCollections.csproj", "{748B3AB9-8E97-49A0-8E93-7438564B3729}"
EndProject
Global
	GlobalSection(SolutionConfigurationPlatforms) = preSolution
		Debug|Any CPU = Debug|Any CPU
		Release|Any CPU = Release|Any CPU
	EndGlobalSection
	GlobalSection(ProjectConfigurationPlatforms) = postSolution
		{AC1BBBC3-460F-4E31-A4ED-10273D9CFC59}.Debug|Any CPU.ActiveCfg = Debug|Any CPU
		{AC1BBBC3-460F-4E31-A4ED-10273D9CFC59}.Debug|Any CPU.Build.0 = Debug|Any CPU
		{AC1BBBC3-460F-4E31-A4ED-10273D9CFC59}.Release|Any CPU.ActiveCfg = Release|Any CPU
		{AC1BBBC3-460F-4E31-A4ED-10273D9CFC59}.Release|Any CPU.Build.0 = Release|Any CPU
		{5F0B7CC7-B48E-42D3-9593-4F3DA6415B19}.Debug|Any CPU.ActiveCfg = Debug|Any CPU
		{5F0B7CC7-B48E-42D3-9593-4F3DA6415B19}.Debug|Any CPU.Build.0 = Debug|Any CPU
		{5F0B7CC7-B48E-42D3-9593-4F3DA6415B19}.Release|Any CPU.ActiveCfg = Release|Any CPU
		{5F0B7CC7-B48E-42D3-9593-4F3DA6415B19}.Release|Any CPU.Build.0 = Release|Any CPU
		{0E2F6D28-0B12-408C-A699-85873E552F5D}.Debug|Any CPU.ActiveCfg = Debug|Any CPU
		{0E2F6D28-0B12-408C-A699-85873E552F5D}.Debug|Any CPU.Build.0 = Debug|Any CPU
		{0E2F6D28-0B12-408C-A699-85873E552F5D}.Release|Any CPU.ActiveCfg = Release|Any CPU
		{0E2F6D28-0B12-408C-A699-85873E552F5D}.Release|Any CPU.Build.0 = Release|Any CPU
		{92B737C5-D48F-4770-A8A8-1C6C75F72DFC}.Debug|Any CPU.ActiveCfg = Debug|Any CPU
		{92B737C5-D48F-4770-A8A8-1C6C75F72DFC}.Debug|Any CPU.Build.0 = Debug|Any CPU
		{92B737C5-D48F-4770-A8A8-1C6C75F72DFC}.Release|Any CPU.ActiveCfg = Release|Any CPU
		{92B737C5-D48F-4770-A8A8-1C6C75F72DFC}.Release|Any CPU.Build.0 = Release|Any CPU
		{748B3AB9-8E97-49A0-8E93-7438564B3729}.Debug|Any CPU.ActiveCfg = Debug|Any CPU
		{748B3AB9-8E97-49A0-8E93-7438564B3729}.Debug|Any CPU.Build.0 = Debug|Any CPU
		{748B3AB9-8E97-49A0-8E93-7438564B3729}.Release|Any CPU.ActiveCfg = Release|Any CPU
		{748B3AB9-8E97-49A0-8E93-7438564B3729}.Release|Any CPU.Build.0 = Release|Any CPU
	EndGlobalSection
	GlobalSection(SolutionProperties) = preSolution
		HideSolutionNode = FALSE
	EndGlobalSection
	GlobalSection(ExtensibilityGlobals) = postSolution
		SolutionGuid = {18CAF80B-C254-46EF-8C12-82D206078FDF}
	EndGlobalSection
EndGlobal
